Microsoft Visual Studio Solution File, Format Version 12.00
# Visual Studio Version 17
VisualStudioVersion = 17.0.31903.59
MinimumVisualStudioVersion = 10.0.40219.1
Project("{FAE04EC0-301F-11D3-BF4B-00C04F79EFBC}") = "TheSingularityWorkshop.MicroBundleIngestor", "src\TheSingularityWorkshop.MicroBundleIngestor\TheSingularityWorkshop.MicroBundleIngestor.csproj", "{7D5D7D7E-4E5E-4F50-9B77-1E0C0B1B3101}"
EndProject
Project("{FAE04EC0-301F-11D3-BF4B-00C04F79EFBC}") = "TheSingularityWorkshop.MicroBundleIngestor.Tests", "tests\TheSingularityWorkshop.MicroBundleIngestor.Tests\TheSingularityWorkshop.MicroBundleIngestor.Tests.csproj", "{A9B4A4E7-7C62-4D41-9A2B-0F9A6C5B3102}"
EndProject
Global
	GlobalSection(SolutionConfigurationPlatforms) = preSolution
		Debug|Any CPU = Debug|Any CPU
		Release|Any CPU = Release|Any CPU
	EndGlobalSection
	GlobalSection(ProjectConfigurationPlatforms) = postSolution
		{7D5D7D7E-4E5E-4F50-9B77-1E0C0B1B3101}.Debug|Any CPU.ActiveCfg = Debug|Any CPU
		{7D5D7D7E-4E5E-4F50-9B77-1E0C0B1B3101}.Debug|Any CPU.Build.0 = Debug|Any CPU
		{7D5D7D7E-4E5E-4F50-9B77-1E0C0B1B3101}.Release|Any CPU.ActiveCfg = Release|Any CPU
		{7D5D7D7E-4E5E-4F50-9B77-1E0C0B1B3101}.Release|Any CPU.Build.0 = Release|Any CPU
		{A9B4A4E7-7C62-4D41-9A2B-0F9A6C5B3102}.Debug|Any CPU.ActiveCfg = Debug|Any CPU
		{A9B4A4E7-7C62-4D41-9A2B-0F9A6C5B3102}.Debug|Any CPU.Build.0 = Debug|Any CPU
		{A9B4A4E7-7C62-4D41-9A2B-0F9A6C5B3102}.Release|Any CPU.ActiveCfg = Release|Any CPU
		{A9B4A4E7-7C62-4D41-9A2B-0F9A6C5B3102}.Release|Any CPU.Build.0 = Release|Any CPU
	EndGlobalSection
	GlobalSection(SolutionProperties) = preSolution
		HideSolutionNode = FALSE
	EndGlobalSection
EndGlobal
